
Microsoft Visual Studio Solution File, Format Version 12.00
# Visual Studio Version 17
VisualStudioVersion = 17.9.34728.123
MinimumVisualStudioVersion = 10.0.40219.1
Project("{9A19103F-16F7-4668-BE54-9A1E7A4F7556}") = "baiktra02", "WebApplication1\baiktra02.csproj", "{2EEBA98E-196A-423D-BF4B-935A0F22B7F2}"
EndProject
Global
	GlobalSection(SolutionConfigurationPlatforms) = preSolution
		Debug|Any CPU = Debug|Any CPU
		Release|Any CPU = Release|Any CPU
	EndGlobalSection
	GlobalSection(ProjectConfigurationPlatforms) = postSolution
		{2EEBA98E-196A-423D-BF4B-935A0F22B7F2}.Debug|Any CPU.ActiveCfg = Debug|Any CPU
		{2EEBA98E-196A-423D-BF4B-935A0F22B7F2}.Debug|Any CPU.Build.0 = Debug|Any CPU
		{2EEBA98E-196A-423D-BF4B-935A0F22B7F2}.Release|Any CPU.ActiveCfg = Release|Any CPU
		{2EEBA98E-196A-423D-BF4B-935A0F22B7F2}.Release|Any CPU.Build.0 = Release|Any CPU
	EndGlobalSection
	GlobalSection(SolutionProperties) = preSolution
		HideSolutionNode = FALSE
	EndGlobalSection
	GlobalSection(ExtensibilityGlobals) = postSolution
		SolutionGuid = {E00738C4-4A8E-42E5-A463-FF004255D1D4}
	EndGlobalSection
EndGlobal
